
Microsoft Visual Studio Solution File, Format Version 12.00
# Visual Studio Version 16
VisualStudioVersion = 16.0.29009.5
MinimumVisualStudioVersion = 10.0.40219.1
Project("{FAE04EC0-301F-11D3-BF4B-00C04F79EFBC}") = "WpfApp1", "WpfApp1\WpfApp1.csproj", "{AFEE6246-5130-4138-A6DD-E70EECB9B96A}"
EndProject
Global
	GlobalSection(SolutionConfigurationPlatforms) = preSolution
		Debug|Any CPU = Debug|Any CPU
		Release|Any CPU = Release|Any CPU
	EndGlobalSection
	GlobalSection(ProjectConfigurationPlatforms) = postSolution
		{AFEE6246-5130-4138-A6DD-E70EECB9B96A}.Debug|Any CPU.ActiveCfg = Debug|Any CPU
		{AFEE6246-5130-4138-A6DD-E70EECB9B96A}.Debug|Any CPU.Build.0 = Debug|Any CPU
		{AFEE6246-5130-4138-A6DD-E70EECB9B96A}.Release|Any CPU.ActiveCfg = Release|Any CPU
		{AFEE6246-5130-4138-A6DD-E70EECB9B96A}.Release|Any CPU.Build.0 = Release|Any CPU
	EndGlobalSection
	GlobalSection(SolutionProperties) = preSolution
		HideSolutionNode = FALSE
	EndGlobalSection
	GlobalSection(ExtensibilityGlobals) = postSolution
		SolutionGuid = {B7FAAC0F-BD70-471E-B6C0-ECFC00867EB0}
	EndGlobalSection
EndGlobal
